
Microsoft Visual Studio Solution File, Format Version 12.00
# Visual Studio 15
VisualStudioVersion = 15.0.27703.2026
MinimumVisualStudioVersion = 10.0.40219.1
Project("{FAE04EC0-301F-11D3-BF4B-00C04F79EFBC}") = "BlogExample.Web", "BlogExample.Web\BlogExample.Web.csproj", "{B8976EA6-61FC-4B41-91DC-4F4D43872FA7}"
EndProject
Project("{9A19103F-16F7-4668-BE54-9A1E7A4F7556}") = "BlogExample.Web.Tests", "BlogExample.Web.Tests\BlogExample.Web.Tests.csproj", "{953B4A55-800D-4C62-9D23-A75A8AD2348D}"
EndProject
Global
	GlobalSection(SolutionConfigurationPlatforms) = preSolution
		Debug|Any CPU = Debug|Any CPU
		Release|Any CPU = Release|Any CPU
	EndGlobalSection
	GlobalSection(ProjectConfigurationPlatforms) = postSolution
		{B8976EA6-61FC-4B41-91DC-4F4D43872FA7}.Debug|Any CPU.ActiveCfg = Debug|Any CPU
		{B8976EA6-61FC-4B41-91DC-4F4D43872FA7}.Debug|Any CPU.Build.0 = Debug|Any CPU
		{B8976EA6-61FC-4B41-91DC-4F4D43872FA7}.Release|Any CPU.ActiveCfg = Release|Any CPU
		{B8976EA6-61FC-4B41-91DC-4F4D43872FA7}.Release|Any CPU.Build.0 = Release|Any CPU
		{953B4A55-800D-4C62-9D23-A75A8AD2348D}.Debug|Any CPU.ActiveCfg = Debug|Any CPU
		{953B4A55-800D-4C62-9D23-A75A8AD2348D}.Debug|Any CPU.Build.0 = Debug|Any CPU
		{953B4A55-800D-4C62-9D23-A75A8AD2348D}.Release|Any CPU.ActiveCfg = Release|Any CPU
		{953B4A55-800D-4C62-9D23-A75A8AD2348D}.Release|Any CPU.Build.0 = Release|Any CPU
	EndGlobalSection
	GlobalSection(SolutionProperties) = preSolution
		HideSolutionNode = FALSE
	EndGlobalSection
	GlobalSection(ExtensibilityGlobals) = postSolution
		SolutionGuid = {8E2399E7-35B3-411F-A738-CD532B9DD53D}
	EndGlobalSection
EndGlobal
